
Microsoft Visual Studio Solution File, Format Version 12.00
# Visual Studio Version 17
VisualStudioVersion = 17.4.33103.184
MinimumVisualStudioVersion = 10.0.40219.1
Project("{FAE04EC0-301F-11D3-BF4B-00C04F79EFBC}") = "2022-11-14_data_types", "2022-11-14_data_types.csproj", "{56EFDEF4-8518-4866-A45F-F3B45766EA13}"
EndProject
Global
	GlobalSection(SolutionConfigurationPlatforms) = preSolution
		Debug|Any CPU = Debug|Any CPU
		Release|Any CPU = Release|Any CPU
	EndGlobalSection
	GlobalSection(ProjectConfigurationPlatforms) = postSolution
		{56EFDEF4-8518-4866-A45F-F3B45766EA13}.Debug|Any CPU.ActiveCfg = Debug|Any CPU
		{56EFDEF4-8518-4866-A45F-F3B45766EA13}.Debug|Any CPU.Build.0 = Debug|Any CPU
		{56EFDEF4-8518-4866-A45F-F3B45766EA13}.Release|Any CPU.ActiveCfg = Release|Any CPU
		{56EFDEF4-8518-4866-A45F-F3B45766EA13}.Release|Any CPU.Build.0 = Release|Any CPU
	EndGlobalSection
	GlobalSection(SolutionProperties) = preSolution
		HideSolutionNode = FALSE
	EndGlobalSection
	GlobalSection(ExtensibilityGlobals) = postSolution
		SolutionGuid = {B74F722D-353F-4FD2-89C0-7D21A1463ACB}
	EndGlobalSection
EndGlobal
